PODS:
  - composeApp (1.0.14)
  - onnxruntime-c (1.18.0)
  - onnxruntime-objc (1.18.0):
    - onnxruntime-objc/Core (= 1.18.0)
  - onnxruntime-objc/Core (1.18.0):
    - onnxruntime-c (= 1.18.0)

DEPENDENCIES:
  - composeApp (from `../composeApp`)
  - onnxruntime-objc (~> 1.18.0)

SPEC REPOS:
  trunk:
    - onnxruntime-c
    - onnxruntime-objc

EXTERNAL SOURCES:
  composeApp:
    :path: "../composeApp"

SPEC CHECKSUMS:
  composeApp: bcb01de9bbd23548b69930799e4183ad9feb2803
  onnxruntime-c: a909204639a1f035f575127ac406f781ac797c9c
  onnxruntime-objc: b6fab0f1787aa6f7190c2013f03037df4718bd8b

PODFILE CHECKSUM: d92434489625a97510599b60fa14550b353d24a8

COCOAPODS: 1.10.1
